{
  "requires": true,
  "lockfileVersion": 1,
  "dependencies": {
    "@types/cytoscape": {
      "version": "3.14.0",
      "resolved": "https://registry.npm.taobao.org/@types/cytoscape/download/@types/cytoscape-3.14.0.tgz",
      "integrity": "sha1-NGtUMKehUzeEvPRPy+bFJVuUjTY="
    },
    "@types/uuid": {
      "version": "3.4.8",
      "resolved": "https://registry.npm.taobao.org/@types/uuid/download/@types/uuid-3.4.8.tgz",
      "integrity": "sha1-S6iH/O+IvZp1Fcot4zbWkePhgxg="
    },
    "core-js": {
      "version": "2.6.11",
      "resolved": "https://registry.npm.taobao.org/core-js/download/core-js-2.6.11.tgz",
      "integrity": "sha1-OIMUafmSK97Y7iHJ3EaYXgOZMIw="
    },
    "cytoscape": {
      "version": "3.14.1",
      "resolved": "https://registry.npm.taobao.org/cytoscape/download/cytoscape-3.14.1.tgz",
      "integrity": "sha1-4bfxhDxLkV6NXW41u4fc+AqBN3o=",
      "requires": {
        "heap": "^0.2.6",
        "lodash.debounce": "^4.0.8"
      }
    },
    "eslint-plugin-prettier": {
      "version": "3.1.2",
      "resolved": "https://registry.npm.taobao.org/eslint-plugin-prettier/download/eslint-plugin-prettier-3.1.2.tgz",
      "integrity": "sha1-Qy5aZnZmq4TOcvlFxy932Zalybo=",
      "requires": {
        "prettier-linter-helpers": "^1.0.0"
      }
    },
    "fast-diff": {
      "version": "1.2.0",
      "resolved": "https://registry.npm.taobao.org/fast-diff/download/fast-diff-1.2.0.tgz",
      "integrity": "sha1-c+4RmC2Gyq95WYKNUZz+kn+sXwM="
    },
    "heap": {
      "version": "0.2.6",
      "resolved": "https://registry.npm.taobao.org/heap/download/heap-0.2.6.tgz",
      "integrity": "sha1-CH4fELBGky/IWU3Z5tN4r8nR5aw="
    },
    "lodash.debounce": {
      "version": "4.0.8",
      "resolved": "https://registry.npm.taobao.org/lodash.debounce/download/lodash.debounce-4.0.8.tgz",
      "integrity": "sha1-gteb/zCmfEAF/9XiUVMArZyk168="
    },
    "prettier-linter-helpers": {
      "version": "1.0.0",
      "resolved": "https://registry.npm.taobao.org/prettier-linter-helpers/download/prettier-linter-helpers-1.0.0.tgz",
      "integrity": "sha1-0j1B/hN1ZG3i0BBNNFSjAIgCz3s=",
      "requires": {
        "fast-diff": "^1.1.2"
      }
    },
    "uuid": {
      "version": "3.4.0",
      "resolved": "https://registry.npm.taobao.org/uuid/download/uuid-3.4.0.tgz?cache=0&other_urls=https%3A%2F%2Fregistry.npm.taobao.org%2Fuuid%2Fdownload%2Fuuid-3.4.0.tgz",
      "integrity": "sha1-sj5DWK+oogL+ehAK8fX4g/AgB+4="
    },
    "vue": {
      "version": "2.6.11",
      "resolved": "https://registry.npm.taobao.org/vue/download/vue-2.6.11.tgz?cache=0&sync_timestamp=1584399511613&other_urls=https%3A%2F%2Fregistry.npm.taobao.org%2Fvue%2Fdownload%2Fvue-2.6.11.tgz",
      "integrity": "sha1-dllNh31LEiNEBuhONSdcbVFBJcU="
    },
    "vue-class-component": {
      "version": "7.2.3",
      "resolved": "https://registry.npm.taobao.org/vue-class-component/download/vue-class-component-7.2.3.tgz",
      "integrity": "sha1-pbGr1TUTpyrVEJh1Li3t1JmAfMo="
    },
    "vue-cytoscape": {
      "version": "1.0.8",
      "resolved": "https://registry.npm.taobao.org/vue-cytoscape/download/vue-cytoscape-1.0.8.tgz",
      "integrity": "sha1-LbOmJoQu1smnEwqkAwI2xxYco5M=",
      "requires": {
        "@types/cytoscape": "^3.8.0",
        "@types/uuid": "^3.4.6",
        "core-js": "^2.6.5",
        "cytoscape": "^3.8.1",
        "eslint-plugin-prettier": "^3.1.0",
        "uuid": "^3.3.3",
        "vue": "^2.6.10",
        "vue-class-component": "^7.0.2",
        "vue-property-decorator": "^8.1.0"
      }
    },
    "vue-property-decorator": {
      "version": "8.4.1",
      "resolved": "https://registry.npm.taobao.org/vue-property-decorator/download/vue-property-decorator-8.4.1.tgz",
      "integrity": "sha1-/YBFuGeOE0j+1X+RSSeeAOQE7Tg=",
      "requires": {
        "vue-class-component": "^7.1.0"
      }
    }
  }
}
